// !$*UTF8*$!
{
	archiveVersion = 1;
	classes = {
	};
	objectVersion = 50;
	objects = {

/* Begin PBXBuildFile section */
		040B166025B18C5500F01948 /* Common.swift in Sources */ = {isa = PBXBuildFile; fileRef = 040B165F25B18C5500F01948 /* Common.swift */; };
		0455FAF325B51AE100DEC598 /* SecondPage.swift in Sources */ = {isa = PBXBuildFile; fileRef = 0455FAF225B51AE100DEC598 /* SecondPage.swift */; };
		0455FAF625B556C800DEC598 /* SecondCollectionView.swift in Sources */ = {isa = PBXBuildFile; fileRef = 0455FAF525B556C800DEC598 /* SecondCollectionView.swift */; };
		0455FB0025B6AD0600DEC598 /* CollectionView1.swift in Sources */ = {isa = PBXBuildFile; fileRef = 0455FAFF25B6AD0600DEC598 /* CollectionView1.swift */; };
		0455FB0425B6AD2700DEC598 /* CollectionViewController1.swift in Sources */ = {isa = PBXBuildFile; fileRef = 0455FB0325B6AD2700DEC598 /* CollectionViewController1.swift */; };
		0455FB0825B6DEC300DEC598 /* UICollectionViewFlowLayout1.swift in Sources */ = {isa = PBXBuildFile; fileRef = 0455FB0725B6DEC300DEC598 /* UICollectionViewFlowLayout1.swift */; };
		0455FB0C25B6E1ED00DEC598 /* CollectionViewController2.swift in Sources */ = {isa = PBXBuildFile; fileRef = 0455FB0B25B6E1ED00DEC598 /* CollectionViewController2.swift */; };
		0489720925B80B090090BE00 /* CircleLayout.swift in Sources */ = {isa = PBXBuildFile; fileRef = 0489720825B80B090090BE00 /* CircleLayout.swift */; };
		0489720E25B81B6A0090BE00 /* CollectionViewController3.swift in Sources */ = {isa = PBXBuildFile; fileRef = 0489720D25B81B6A0090BE00 /* CollectionViewController3.swift */; };
		04FA218625AFF2C900402B38 /* AppDelegate.swift in Sources */ = {isa = PBXBuildFile; fileRef = 04FA218525AFF2C900402B38 /* AppDelegate.swift */; };
		04FA218825AFF2C900402B38 /* SceneDelegate.swift in Sources */ = {isa = PBXBuildFile; fileRef = 04FA218725AFF2C900402B38 /* SceneDelegate.swift */; };
		04FA218A25AFF2C900402B38 /* ViewController.swift in Sources */ = {isa = PBXBuildFile; fileRef = 04FA218925AFF2C900402B38 /* ViewController.swift */; };
		04FA218D25AFF2C900402B38 /* Main.storyboard in Resources */ = {isa = PBXBuildFile; fileRef = 04FA218B25AFF2C900402B38 /* Main.storyboard */; };
		04FA218F25AFF2CA00402B38 /* Assets.xcassets in Resources */ = {isa = PBXBuildFile; fileRef = 04FA218E25AFF2CA00402B38 /* Assets.xcassets */; };
		04FA219225AFF2CA00402B38 /* LaunchScreen.storyboard in Resources */ = {isa = PBXBuildFile; fileRef = 04FA219025AFF2CA00402B38 /* LaunchScreen.storyboard */; };
		04FA21C025AFF2DF00402B38 /* ConstraintMultiplierTarget.swift in Sources */ = {isa = PBXBuildFile; fileRef = 04FA219B25AFF2DF00402B38 /* ConstraintMultiplierTarget.swift */; };
		04FA21C125AFF2DF00402B38 /* LayoutConstraintItem.swift in Sources */ = {isa = PBXBuildFile; fileRef = 04FA219C25AFF2DF00402B38 /* LayoutConstraintItem.swift */; };
		04FA21C225AFF2DF00402B38 /* ConstraintDescription.swift in Sources */ = {isa = PBXBuildFile; fileRef = 04FA219D25AFF2DF00402B38 /* ConstraintDescription.swift */; };
		04FA21C325AFF2DF00402B38 /* ConstraintMakerPriortizable.swift in Sources */ = {isa = PBXBuildFile; fileRef = 04FA219E25AFF2DF00402B38 /* ConstraintMakerPriortizable.swift */; };
		04FA21C425AFF2DF00402B38 /* ConstraintAttributes.swift in Sources */ = {isa = PBXBuildFile; fileRef = 04FA219F25AFF2DF00402B38 /* ConstraintAttributes.swift */; };
		04FA21C525AFF2DF00402B38 /* ConstraintViewDSL.swift in Sources */ = {isa = PBXBuildFile; fileRef = 04FA21A025AFF2DF00402B38 /* ConstraintViewDSL.swift */; };
		04FA21C625AFF2DF00402B38 /* ConstraintPriorityTarget.swift in Sources */ = {isa = PBXBuildFile; fileRef = 04FA21A125AFF2DF00402B38 /* ConstraintPriorityTarget.swift */; };
		04FA21C725AFF2DF00402B38 /* ConstraintInsets.swift in Sources */ = {isa = PBXBuildFile; fileRef = 04FA21A225AFF2DF00402B38 /* ConstraintInsets.swift */; };
		04FA21C825AFF2DF00402B38 /* ConstraintMakerFinalizable.swift in Sources */ = {isa = PBXBuildFile; fileRef = 04FA21A325AFF2DF00402B38 /* ConstraintMakerFinalizable.swift */; };
		04FA21C925AFF2DF00402B38 /* ConstraintDSL.swift in Sources */ = {isa = PBXBuildFile; fileRef = 04FA21A425AFF2DF00402B38 /* ConstraintDSL.swift */; };
		04FA21CA25AFF2DF00402B38 /* ConstraintMakerExtendable.swift in Sources */ = {isa = PBXBuildFile; fileRef = 04FA21A525AFF2DF00402B38 /* ConstraintMakerExtendable.swift */; };
		04FA21CB25AFF2DF00402B38 /* ConstraintPriority.swift in Sources */ = {isa = PBXBuildFile; fileRef = 04FA21A625AFF2DF00402B38 /* ConstraintPriority.swift */; };
		04FA21CC25AFF2DF00402B38 /* ConstraintInsetTarget.swift in Sources */ = {isa = PBXBuildFile; fileRef = 04FA21A725AFF2DF00402B38 /* ConstraintInsetTarget.swift */; };
		04FA21CD25AFF2DF00402B38 /* ConstraintDirectionalInsetTarget.swift in Sources */ = {isa = PBXBuildFile; fileRef = 04FA21A825AFF2DF00402B38 /* ConstraintDirectionalInsetTarget.swift */; };
		04FA21CE25AFF2DF00402B38 /* ConstraintConfig.swift in Sources */ = {isa = PBXBuildFile; fileRef = 04FA21AA25AFF2DF00402B38 /* ConstraintConfig.swift */; };
		04FA21CF25AFF2DF00402B38 /* UILayoutSupport+Extensions.swift in Sources */ = {isa = PBXBuildFile; fileRef = 04FA21AB25AFF2DF00402B38 /* UILayoutSupport+Extensions.swift */; };
		04FA21D025AFF2DF00402B38 /* ConstraintView.swift in Sources */ = {isa = PBXBuildFile; fileRef = 04FA21AC25AFF2DF00402B38 /* ConstraintView.swift */; };
		04FA21D125AFF2DF00402B38 /* ConstraintLayoutGuide.swift in Sources */ = {isa = PBXBuildFile; fileRef = 04FA21AD25AFF2DF00402B38 /* ConstraintLayoutGuide.swift */; };
		04FA21D225AFF2DF00402B38 /* ConstraintLayoutSupport.swift in Sources */ = {isa = PBXBuildFile; fileRef = 04FA21AE25AFF2DF00402B38 /* ConstraintLayoutSupport.swift */; };
		04FA21D325AFF2DF00402B38 /* Typealiases.swift in Sources */ = {isa = PBXBuildFile; fileRef = 04FA21AF25AFF2DF00402B38 /* Typealiases.swift */; };
		04FA21D425AFF2DF00402B38 /* ConstraintConstantTarget.swift in Sources */ = {isa = PBXBuildFile; fileRef = 04FA21B025AFF2DF00402B38 /* ConstraintConstantTarget.swift */; };
		04FA21D525AFF2DF00402B38 /* ConstraintOffsetTarget.swift in Sources */ = {isa = PBXBuildFile; fileRef = 04FA21B125AFF2DF00402B38 /* ConstraintOffsetTarget.swift */; };
		04FA21D625AFF2DF00402B38 /* ConstraintMakerEditable.swift in Sources */ = {isa = PBXBuildFile; fileRef = 04FA21B225AFF2DF00402B38 /* ConstraintMakerEditable.swift */; };
		04FA21D725AFF2DF00402B38 /* ConstraintMaker.swift in Sources */ = {isa = PBXBuildFile; fileRef = 04FA21B325AFF2DF00402B38 /* ConstraintMaker.swift */; };
		04FA21D825AFF2DF00402B38 /* ConstraintRelation.swift in Sources */ = {isa = PBXBuildFile; fileRef = 04FA21B425AFF2DF00402B38 /* ConstraintRelation.swift */; };
		04FA21D925AFF2DF00402B38 /* ConstraintLayoutGuideDSL.swift in Sources */ = {isa = PBXBuildFile; fileRef = 04FA21B525AFF2DF00402B38 /* ConstraintLayoutGuideDSL.swift */; };
		04FA21DA25AFF2DF00402B38 /* ConstraintView+Extensions.swift in Sources */ = {isa = PBXBuildFile; fileRef = 04FA21B625AFF2DF00402B38 /* ConstraintView+Extensions.swift */; };
		04FA21DB25AFF2DF00402B38 /* ConstraintItem.swift in Sources */ = {isa = PBXBuildFile; fileRef = 04FA21B725AFF2DF00402B38 /* ConstraintItem.swift */; };
		04FA21DC25AFF2DF00402B38 /* Constraint.swift in Sources */ = {isa = PBXBuildFile; fileRef = 04FA21B825AFF2DF00402B38 /* Constraint.swift */; };
		04FA21DD25AFF2DF00402B38 /* Debugging.swift in Sources */ = {isa = PBXBuildFile; fileRef = 04FA21B925AFF2DF00402B38 /* Debugging.swift */; };
		04FA21DE25AFF2DF00402B38 /* ConstraintRelatableTarget.swift in Sources */ = {isa = PBXBuildFile; fileRef = 04FA21BA25AFF2DF00402B38 /* ConstraintRelatableTarget.swift */; };
		04FA21DF25AFF2DF00402B38 /* LayoutConstraint.swift in Sources */ = {isa = PBXBuildFile; fileRef = 04FA21BB25AFF2DF00402B38 /* LayoutConstraint.swift */; };
		04FA21E025AFF2DF00402B38 /* ConstraintLayoutGuide+Extensions.swift in Sources */ = {isa = PBXBuildFile; fileRef = 04FA21BC25AFF2DF00402B38 /* ConstraintLayoutGuide+Extensions.swift */; };
		04FA21E125AFF2DF00402B38 /* ConstraintDirectionalInsets.swift in Sources */ = {isa = PBXBuildFile; fileRef = 04FA21BD25AFF2DF00402B38 /* ConstraintDirectionalInsets.swift */; };
		04FA21E225AFF2DF00402B38 /* ConstraintLayoutSupportDSL.swift in Sources */ = {isa = PBXBuildFile; fileRef = 04FA21BE25AFF2DF00402B38 /* ConstraintLayoutSupportDSL.swift */; };
		04FA21E325AFF2DF00402B38 /* ConstraintMakerRelatable.swift in Sources */ = {isa = PBXBuildFile; fileRef = 04FA21BF25AFF2DF00402B38 /* ConstraintMakerRelatable.swift */; };
		04FA21E625AFF30100402B38 /* LoginView.swift in Sources */ = {isa = PBXBuildFile; fileRef = 04FA21E525AFF30100402B38 /* LoginView.swift */; };
		04FA21E925AFF79C00402B38 /* t1.swift in Sources */ = {isa = PBXBuildFile; fileRef = 04FA21E825AFF79C00402B38 /* t1.swift */; };
/* End PBXBuildFile section */

/* Begin PBXFileReference section */
		040B165F25B18C5500F01948 /* Common.swift */ = {isa = PBXFileReference; lastKnownFileType = sourcecode.swift; path = Common.swift; sourceTree = "<group>"; };
		0455FAF225B51AE100DEC598 /* SecondPage.swift */ = {isa = PBXFileReference; lastKnownFileType = sourcecode.swift; path = SecondPage.swift; sourceTree = "<group>"; };
		0455FAF525B556C800DEC598 /* SecondCollectionView.swift */ = {isa = PBXFileReference; lastKnownFileType = sourcecode.swift; path = SecondCollectionView.swift; sourceTree = "<group>"; };
		0455FAFF25B6AD0600DEC598 /* CollectionView1.swift */ = {isa = PBXFileReference; lastKnownFileType = sourcecode.swift; path = CollectionView1.swift; sourceTree = "<group>"; };
		0455FB0325B6AD2700DEC598 /* CollectionViewController1.swift */ = {isa = PBXFileReference; lastKnownFileType = sourcecode.swift; path = CollectionViewController1.swift; sourceTree = "<group>"; };
		0455FB0725B6DEC300DEC598 /* UICollectionViewFlowLayout1.swift */ = {isa = PBXFileReference; lastKnownFileType = sourcecode.swift; path = UICollectionViewFlowLayout1.swift; sourceTree = "<group>"; };
		0455FB0B25B6E1ED00DEC598 /* CollectionViewController2.swift */ = {isa = PBXFileReference; lastKnownFileType = sourcecode.swift; path = CollectionViewController2.swift; sourceTree = "<group>"; };
		0489720825B80B090090BE00 /* CircleLayout.swift */ = {isa = PBXFileReference; lastKnownFileType = sourcecode.swift; path = CircleLayout.swift; sourceTree = "<group>"; };
		0489720D25B81B6A0090BE00 /* CollectionViewController3.swift */ = {isa = PBXFileReference; lastKnownFileType = sourcecode.swift; path = CollectionViewController3.swift; sourceTree = "<group>"; };
		04FA218225AFF2C900402B38 /* snapkit-study.app */ = {isa = PBXFileReference; explicitFileType = wrapper.application; includeInIndex = 0; path = "snapkit-study.app"; sourceTree = BUILT_PRODUCTS_DIR; };
		04FA218525AFF2C900402B38 /* AppDelegate.swift */ = {isa = PBXFileReference; lastKnownFileType = sourcecode.swift; path = AppDelegate.swift; sourceTree = "<group>"; };
		04FA218725AFF2C900402B38 /* SceneDelegate.swift */ = {isa = PBXFileReference; lastKnownFileType = sourcecode.swift; path = SceneDelegate.swift; sourceTree = "<group>"; };
		04FA218925AFF2C900402B38 /* ViewController.swift */ = {isa = PBXFileReference; lastKnownFileType = sourcecode.swift; path = ViewController.swift; sourceTree = "<group>"; };
		04FA218C25AFF2C900402B38 /* Base */ = {isa = PBXFileReference; lastKnownFileType = file.storyboard; name = Base; path = Base.lproj/Main.storyboard; sourceTree = "<group>"; };
		04FA218E25AFF2CA00402B38 /* Assets.xcassets */ = {isa = PBXFileReference; lastKnownFileType = folder.assetcatalog; path = Assets.xcassets; sourceTree = "<group>"; };
		04FA219125AFF2CA00402B38 /* Base */ = {isa = PBXFileReference; lastKnownFileType = file.storyboard; name = Base; path = Base.lproj/LaunchScreen.storyboard; sourceTree = "<group>"; };
		04FA219325AFF2CA00402B38 /* Info.plist */ = {isa = PBXFileReference; lastKnownFileType = text.plist.xml; path = Info.plist; sourceTree = "<group>"; };
		04FA219B25AFF2DF00402B38 /* ConstraintMultiplierTarget.swift */ = {isa = PBXFileReference; fileEncoding = 4; lastKnownFileType = sourcecode.swift; path = ConstraintMultiplierTarget.swift; sourceTree = "<group>"; };
		04FA219C25AFF2DF00402B38 /* LayoutConstraintItem.swift */ = {isa = PBXFileReference; fileEncoding = 4; lastKnownFileType = sourcecode.swift; path = LayoutConstraintItem.swift; sourceTree = "<group>"; };
		04FA219D25AFF2DF00402B38 /* ConstraintDescription.swift */ = {isa = PBXFileReference; fileEncoding = 4; lastKnownFileType = sourcecode.swift; path = ConstraintDescription.swift; sourceTree = "<group>"; };
		04FA219E25AFF2DF00402B38 /* ConstraintMakerPriortizable.swift */ = {isa = PBXFileReference; fileEncoding = 4; lastKnownFileType = sourcecode.swift; path = ConstraintMakerPriortizable.swift; sourceTree = "<group>"; };
		04FA219F25AFF2DF00402B38 /* ConstraintAttributes.swift */ = {isa = PBXFileReference; fileEncoding = 4; lastKnownFileType = sourcecode.swift; path = ConstraintAttributes.swift; sourceTree = "<group>"; };
		04FA21A025AFF2DF00402B38 /* ConstraintViewDSL.swift */ = {isa = PBXFileReference; fileEncoding = 4; lastKnownFileType = sourcecode.swift; path = ConstraintViewDSL.swift; sourceTree = "<group>"; };
		04FA21A125AFF2DF00402B38 /* ConstraintPriorityTarget.swift */ = {isa = PBXFileReference; fileEncoding = 4; lastKnownFileType = sourcecode.swift; path = ConstraintPriorityTarget.swift; sourceTree = "<group>"; };
		04FA21A225AFF2DF00402B38 /* ConstraintInsets.swift */ = {isa = PBXFileReference; fileEncoding = 4; lastKnownFileType = sourcecode.swift; path = ConstraintInsets.swift; sourceTree = "<group>"; };
		04FA21A325AFF2DF00402B38 /* ConstraintMakerFinalizable.swift */ = {isa = PBXFileReference; fileEncoding = 4; lastKnownFileType = sourcecode.swift; path = ConstraintMakerFinalizable.swift; sourceTree = "<group>"; };
		04FA21A425AFF2DF00402B38 /* ConstraintDSL.swift */ = {isa = PBXFileReference; fileEncoding = 4; lastKnownFileType = sourcecode.swift; path = ConstraintDSL.swift; sourceTree = "<group>"; };
		04FA21A525AFF2DF00402B38 /* ConstraintMakerExtendable.swift */ = {isa = PBXFileReference; fileEncoding = 4; lastKnownFileType = sourcecode.swift; path = ConstraintMakerExtendable.swift; sourceTree = "<group>"; };
		04FA21A625AFF2DF00402B38 /* ConstraintPriority.swift */ = {isa = PBXFileReference; fileEncoding = 4; lastKnownFileType = sourcecode.swift; path = ConstraintPriority.swift; sourceTree = "<group>"; };
		04FA21A725AFF2DF00402B38 /* ConstraintInsetTarget.swift */ = {isa = PBXFileReference; fileEncoding = 4; lastKnownFileType = sourcecode.swift; path = ConstraintInsetTarget.swift; sourceTree = "<group>"; };
		04FA21A825AFF2DF00402B38 /* ConstraintDirectionalInsetTarget.swift */ = {isa = PBXFileReference; fileEncoding = 4; lastKnownFileType = sourcecode.swift; path = ConstraintDirectionalInsetTarget.swift; sourceTree = "<group>"; };
		04FA21A925AFF2DF00402B38 /* SnapKit.h */ = {isa = PBXFileReference; fileEncoding = 4; lastKnownFileType = sourcecode.c.h; path = SnapKit.h; sourceTree = "<group>"; };
		04FA21AA25AFF2DF00402B38 /* ConstraintConfig.swift */ = {isa = PBXFileReference; fileEncoding = 4; lastKnownFileType = sourcecode.swift; path = ConstraintConfig.swift; sourceTree = "<group>"; };
		04FA21AB25AFF2DF00402B38 /* UILayoutSupport+Extensions.swift */ = {isa = PBXFileReference; fileEncoding = 4; lastKnownFileType = sourcecode.swift; path = "UILayoutSupport+Extensions.swift"; sourceTree = "<group>"; };
		04FA21AC25AFF2DF00402B38 /* ConstraintView.swift */ = {isa = PBXFileReference; fileEncoding = 4; lastKnownFileType = sourcecode.swift; path = ConstraintView.swift; sourceTree = "<group>"; };
		04FA21AD25AFF2DF00402B38 /* ConstraintLayoutGuide.swift */ = {isa = PBXFileReference; fileEncoding = 4; lastKnownFileType = sourcecode.swift; path = ConstraintLayoutGuide.swift; sourceTree = "<group>"; };
		04FA21AE25AFF2DF00402B38 /* ConstraintLayoutSupport.swift */ = {isa = PBXFileReference; fileEncoding = 4; lastKnownFileType = sourcecode.swift; path = ConstraintLayoutSupport.swift; sourceTree = "<group>"; };
		04FA21AF25AFF2DF00402B38 /* Typealiases.swift */ = {isa = PBXFileReference; fileEncoding = 4; lastKnownFileType = sourcecode.swift; path = Typealiases.swift; sourceTree = "<group>"; };
		04FA21B025AFF2DF00402B38 /* ConstraintConstantTarget.swift */ = {isa = PBXFileReference; fileEncoding = 4; lastKnownFileType = sourcecode.swift; path = ConstraintConstantTarget.swift; sourceTree = "<group>"; };
		04FA21B125AFF2DF00402B38 /* ConstraintOffsetTarget.swift */ = {isa = PBXFileReference; fileEncoding = 4; lastKnownFileType = sourcecode.swift; path = ConstraintOffsetTarget.swift; sourceTree = "<group>"; };
		04FA21B225AFF2DF00402B38 /* ConstraintMakerEditable.swift */ = {isa = PBXFileReference; fileEncoding = 4; lastKnownFileType = sourcecode.swift; path = ConstraintMakerEditable.swift; sourceTree = "<group>"; };
		04FA21B325AFF2DF00402B38 /* ConstraintMaker.swift */ = {isa = PBXFileReference; fileEncoding = 4; lastKnownFileType = sourcecode.swift; path = ConstraintMaker.swift; sourceTree = "<group>"; };
		04FA21B425AFF2DF00402B38 /* ConstraintRelation.swift */ = {isa = PBXFileReference; fileEncoding = 4; lastKnownFileType = sourcecode.swift; path = ConstraintRelation.swift; sourceTree = "<group>"; };
		04FA21B525AFF2DF00402B38 /* ConstraintLayoutGuideDSL.swift */ = {isa = PBXFileReference; fileEncoding = 4; lastKnownFileType = sourcecode.swift; path = ConstraintLayoutGuideDSL.swift; sourceTree = "<group>"; };
		04FA21B625AFF2DF00402B38 /* ConstraintView+Extensions.swift */ = {isa = PBXFileReference; fileEncoding = 4; lastKnownFileType = sourcecode.swift; path = "ConstraintView+Extensions.swift"; sourceTree = "<group>"; };
		04FA21B725AFF2DF00402B38 /* ConstraintItem.swift */ = {isa = PBXFileReference; fileEncoding = 4; lastKnownFileType = sourcecode.swift; path = ConstraintItem.swift; sourceTree = "<group>"; };
		04FA21B825AFF2DF00402B38 /* Constraint.swift */ = {isa = PBXFileReference; fileEncoding = 4; lastKnownFileType = sourcecode.swift; path = Constraint.swift; sourceTree = "<group>"; };
		04FA21B925AFF2DF00402B38 /* Debugging.swift */ = {isa = PBXFileReference; fileEncoding = 4; lastKnownFileType = sourcecode.swift; path = Debugging.swift; sourceTree = "<group>"; };
		04FA21BA25AFF2DF00402B38 /* ConstraintRelatableTarget.swift */ = {isa = PBXFileReference; fileEncoding = 4; lastKnownFileType = sourcecode.swift; path = ConstraintRelatableTarget.swift; sourceTree = "<group>"; };
		04FA21BB25AFF2DF00402B38 /* LayoutConstraint.swift */ = {isa = PBXFileReference; fileEncoding = 4; lastKnownFileType = sourcecode.swift; path = LayoutConstraint.swift; sourceTree = "<group>"; };
		04FA21BC25AFF2DF00402B38 /* ConstraintLayoutGuide+Extensions.swift */ = {isa = PBXFileReference; fileEncoding = 4; lastKnownFileType = sourcecode.swift; path = "ConstraintLayoutGuide+Extensions.swift"; sourceTree = "<group>"; };
		04FA21BD25AFF2DF00402B38 /* ConstraintDirectionalInsets.swift */ = {isa = PBXFileReference; fileEncoding = 4; lastKnownFileType = sourcecode.swift; path = ConstraintDirectionalInsets.swift; sourceTree = "<group>"; };
		04FA21BE25AFF2DF00402B38 /* ConstraintLayoutSupportDSL.swift */ = {isa = PBXFileReference; fileEncoding = 4; lastKnownFileType = sourcecode.swift; path = ConstraintLayoutSupportDSL.swift; sourceTree = "<group>"; };
		04FA21BF25AFF2DF00402B38 /* ConstraintMakerRelatable.swift */ = {isa = PBXFileReference; fileEncoding = 4; lastKnownFileType = sourcecode.swift; path = ConstraintMakerRelatable.swift; sourceTree = "<group>"; };
		04FA21E525AFF30100402B38 /* LoginView.swift */ = {isa = PBXFileReference; lastKnownFileType = sourcecode.swift; path = LoginView.swift; sourceTree = "<group>"; };
		04FA21E825AFF79C00402B38 /* t1.swift */ = {isa = PBXFileReference; lastKnownFileType = sourcecode.swift; path = t1.swift; sourceTree = "<group>"; };
/* End PBXFileReference section */

/* Begin PBXFrameworksBuildPhase section */
		04FA217F25AFF2C900402B38 /* Frameworks */ = {
			isa = PBXFrameworksBuildPhase;
			buildActionMask = 2147483647;
			files = (
			);
			runOnlyForDeploymentPostprocessing = 0;
		};
/* End PBXFrameworksBuildPhase section */

/* Begin PBXGroup section */
		0455FAFE25B6ACCC00DEC598 /* CollectionView1 */ = {
			isa = PBXGroup;
			children = (
				0455FAFF25B6AD0600DEC598 /* CollectionView1.swift */,
				0455FB0325B6AD2700DEC598 /* CollectionViewController1.swift */,
			);
			path = CollectionView1;
			sourceTree = "<group>";
		};
		0455FB0A25B6E13C00DEC598 /* CollectionView2 */ = {
			isa = PBXGroup;
			children = (
				0455FB0725B6DEC300DEC598 /* UICollectionViewFlowLayout1.swift */,
				0455FB0B25B6E1ED00DEC598 /* CollectionViewController2.swift */,
			);
			path = CollectionView2;
			sourceTree = "<group>";
		};
		0489720725B8099A0090BE00 /* CollectionView3 */ = {
			isa = PBXGroup;
			children = (
				0489720825B80B090090BE00 /* CircleLayout.swift */,
				0489720D25B81B6A0090BE00 /* CollectionViewController3.swift */,
			);
			path = CollectionView3;
			sourceTree = "<group>";
		};
		04FA217925AFF2C900402B38 = {
			isa = PBXGroup;
			children = (
				04FA219A25AFF2DF00402B38 /* SnapKit */,
				04FA218425AFF2C900402B38 /* snapkit-study */,
				04FA218325AFF2C900402B38 /* Products */,
			);
			sourceTree = "<group>";
		};
		04FA218325AFF2C900402B38 /* Products */ = {
			isa = PBXGroup;
			children = (
				04FA218225AFF2C900402B38 /* snapkit-study.app */,
			);
			name = Products;
			sourceTree = "<group>";
		};
		04FA218425AFF2C900402B38 /* snapkit-study */ = {
			isa = PBXGroup;
			children = (
				0489720725B8099A0090BE00 /* CollectionView3 */,
				0455FB0A25B6E13C00DEC598 /* CollectionView2 */,
				0455FAFE25B6ACCC00DEC598 /* CollectionView1 */,
				04FA218525AFF2C900402B38 /* AppDelegate.swift */,
				04FA218725AFF2C900402B38 /* SceneDelegate.swift */,
				04FA218925AFF2C900402B38 /* ViewController.swift */,
				04FA218B25AFF2C900402B38 /* Main.storyboard */,
				04FA218E25AFF2CA00402B38 /* Assets.xcassets */,
				04FA219025AFF2CA00402B38 /* LaunchScreen.storyboard */,
				04FA219325AFF2CA00402B38 /* Info.plist */,
				04FA21E525AFF30100402B38 /* LoginView.swift */,
				04FA21E825AFF79C00402B38 /* t1.swift */,
				040B165F25B18C5500F01948 /* Common.swift */,
				0455FAF225B51AE100DEC598 /* SecondPage.swift */,
				0455FAF525B556C800DEC598 /* SecondCollectionView.swift */,
			);
			path = "snapkit-study";
			sourceTree = "<group>";
		};
		04FA219A25AFF2DF00402B38 /* SnapKit */ = {
			isa = PBXGroup;
			children = (
				04FA219B25AFF2DF00402B38 /* ConstraintMultiplierTarget.swift */,
				04FA219C25AFF2DF00402B38 /* LayoutConstraintItem.swift */,
				04FA219D25AFF2DF00402B38 /* ConstraintDescription.swift */,
				04FA219E25AFF2DF00402B38 /* ConstraintMakerPriortizable.swift */,
				04FA219F25AFF2DF00402B38 /* ConstraintAttributes.swift */,
				04FA21A025AFF2DF00402B38 /* ConstraintViewDSL.swift */,
				04FA21A125AFF2DF00402B38 /* ConstraintPriorityTarget.swift */,
				04FA21A225AFF2DF00402B38 /* ConstraintInsets.swift */,
				04FA21A325AFF2DF00402B38 /* ConstraintMakerFinalizable.swift */,
				04FA21A425AFF2DF00402B38 /* ConstraintDSL.swift */,
				04FA21A525AFF2DF00402B38 /* ConstraintMakerExtendable.swift */,
				04FA21A625AFF2DF00402B38 /* ConstraintPriority.swift */,
				04FA21A725AFF2DF00402B38 /* ConstraintInsetTarget.swift */,
				04FA21A825AFF2DF00402B38 /* ConstraintDirectionalInsetTarget.swift */,
				04FA21A925AFF2DF00402B38 /* SnapKit.h */,
				04FA21AA25AFF2DF00402B38 /* ConstraintConfig.swift */,
				04FA21AB25AFF2DF00402B38 /* UILayoutSupport+Extensions.swift */,
				04FA21AC25AFF2DF00402B38 /* ConstraintView.swift */,
				04FA21AD25AFF2DF00402B38 /* ConstraintLayoutGuide.swift */,
				04FA21AE25AFF2DF00402B38 /* ConstraintLayoutSupport.swift */,
				04FA21AF25AFF2DF00402B38 /* Typealiases.swift */,
				04FA21B025AFF2DF00402B38 /* ConstraintConstantTarget.swift */,
				04FA21B125AFF2DF00402B38 /* ConstraintOffsetTarget.swift */,
				04FA21B225AFF2DF00402B38 /* ConstraintMakerEditable.swift */,
				04FA21B325AFF2DF00402B38 /* ConstraintMaker.swift */,
				04FA21B425AFF2DF00402B38 /* ConstraintRelation.swift */,
				04FA21B525AFF2DF00402B38 /* ConstraintLayoutGuideDSL.swift */,
				04FA21B625AFF2DF00402B38 /* ConstraintView+Extensions.swift */,
				04FA21B725AFF2DF00402B38 /* ConstraintItem.swift */,
				04FA21B825AFF2DF00402B38 /* Constraint.swift */,
				04FA21B925AFF2DF00402B38 /* Debugging.swift */,
				04FA21BA25AFF2DF00402B38 /* ConstraintRelatableTarget.swift */,
				04FA21BB25AFF2DF00402B38 /* LayoutConstraint.swift */,
				04FA21BC25AFF2DF00402B38 /* ConstraintLayoutGuide+Extensions.swift */,
				04FA21BD25AFF2DF00402B38 /* ConstraintDirectionalInsets.swift */,
				04FA21BE25AFF2DF00402B38 /* ConstraintLayoutSupportDSL.swift */,
				04FA21BF25AFF2DF00402B38 /* ConstraintMakerRelatable.swift */,
			);
			path = SnapKit;
			sourceTree = "<group>";
		};
/* End PBXGroup section */

/* Begin PBXNativeTarget section */
		04FA218125AFF2C900402B38 /* snapkit-study */ = {
			isa = PBXNativeTarget;
			buildConfigurationList = 04FA219625AFF2CA00402B38 /* Build configuration list for PBXNativeTarget "snapkit-study" */;
			buildPhases = (
				04FA217E25AFF2C900402B38 /* Sources */,
				04FA217F25AFF2C900402B38 /* Frameworks */,
				04FA218025AFF2C900402B38 /* Resources */,
			);
			buildRules = (
			);
			dependencies = (
			);
			name = "snapkit-study";
			productName = "snapkit-study";
			productReference = 04FA218225AFF2C900402B38 /* snapkit-study.app */;
			productType = "com.apple.product-type.application";
		};
/* End PBXNativeTarget section */

/* Begin PBXProject section */
		04FA217A25AFF2C900402B38 /* Project object */ = {
			isa = PBXProject;
			attributes = {
				LastSwiftUpdateCheck = 1230;
				LastUpgradeCheck = 1230;
				TargetAttributes = {
					04FA218125AFF2C900402B38 = {
						CreatedOnToolsVersion = 12.3;
					};
				};
			};
			buildConfigurationList = 04FA217D25AFF2C900402B38 /* Build configuration list for PBXProject "snapkit-study" */;
			compatibilityVersion = "Xcode 9.3";
			developmentRegion = en;
			hasScannedForEncodings = 0;
			knownRegions = (
				en,
				Base,
			);
			mainGroup = 04FA217925AFF2C900402B38;
			productRefGroup = 04FA218325AFF2C900402B38 /* Products */;
			projectDirPath = "";
			projectRoot = "";
			targets = (
				04FA218125AFF2C900402B38 /* snapkit-study */,
			);
		};
/* End PBXProject section */

/* Begin PBXResourcesBuildPhase section */
		04FA218025AFF2C900402B38 /* Resources */ = {
			isa = PBXResourcesBuildPhase;
			buildActionMask = 2147483647;
			files = (
				04FA219225AFF2CA00402B38 /* LaunchScreen.storyboard in Resources */,
				04FA218F25AFF2CA00402B38 /* Assets.xcassets in Resources */,
				04FA218D25AFF2C900402B38 /* Main.storyboard in Resources */,
			);
			runOnlyForDeploymentPostprocessing = 0;
		};
/* End PBXResourcesBuildPhase section */

/* Begin PBXSourcesBuildPhase section */
		04FA217E25AFF2C900402B38 /* Sources */ = {
			isa = PBXSourcesBuildPhase;
			buildActionMask = 2147483647;
			files = (
				0455FB0425B6AD2700DEC598 /* CollectionViewController1.swift in Sources */,
				04FA21C325AFF2DF00402B38 /* ConstraintMakerPriortizable.swift in Sources */,
				04FA21C425AFF2DF00402B38 /* ConstraintAttributes.swift in Sources */,
				04FA21D725AFF2DF00402B38 /* ConstraintMaker.swift in Sources */,
				04FA21E925AFF79C00402B38 /* t1.swift in Sources */,
				04FA21C025AFF2DF00402B38 /* ConstraintMultiplierTarget.swift in Sources */,
				04FA21DD25AFF2DF00402B38 /* Debugging.swift in Sources */,
				04FA21DF25AFF2DF00402B38 /* LayoutConstraint.swift in Sources */,
				04FA21D325AFF2DF00402B38 /* Typealiases.swift in Sources */,
				04FA21DA25AFF2DF00402B38 /* ConstraintView+Extensions.swift in Sources */,
				0489720E25B81B6A0090BE00 /* CollectionViewController3.swift in Sources */,
				04FA21CA25AFF2DF00402B38 /* ConstraintMakerExtendable.swift in Sources */,
				04FA21DB25AFF2DF00402B38 /* ConstraintItem.swift in Sources */,
				0455FB0C25B6E1ED00DEC598 /* CollectionViewController2.swift in Sources */,
				04FA21D525AFF2DF00402B38 /* ConstraintOffsetTarget.swift in Sources */,
				04FA21E325AFF2DF00402B38 /* ConstraintMakerRelatable.swift in Sources */,
				04FA21CE25AFF2DF00402B38 /* ConstraintConfig.swift in Sources */,
				04FA218A25AFF2C900402B38 /* ViewController.swift in Sources */,
				04FA21D925AFF2DF00402B38 /* ConstraintLayoutGuideDSL.swift in Sources */,
				04FA21D125AFF2DF00402B38 /* ConstraintLayoutGuide.swift in Sources */,
				0455FB0825B6DEC300DEC598 /* UICollectionViewFlowLayout1.swift in Sources */,
				04FA21D825AFF2DF00402B38 /* ConstraintRelation.swift in Sources */,
				04FA21CC25AFF2DF00402B38 /* ConstraintInsetTarget.swift in Sources */,
				04FA21C125AFF2DF00402B38 /* LayoutConstraintItem.swift in Sources */,
				0455FAF625B556C800DEC598 /* SecondCollectionView.swift in Sources */,
				04FA21E125AFF2DF00402B38 /* ConstraintDirectionalInsets.swift in Sources */,
				04FA21DC25AFF2DF00402B38 /* Constraint.swift in Sources */,
				0455FB0025B6AD0600DEC598 /* CollectionView1.swift in Sources */,
				04FA21DE25AFF2DF00402B38 /* ConstraintRelatableTarget.swift in Sources */,
				04FA21CD25AFF2DF00402B38 /* ConstraintDirectionalInsetTarget.swift in Sources */,
				04FA21C725AFF2DF00402B38 /* ConstraintInsets.swift in Sources */,
				04FA218625AFF2C900402B38 /* AppDelegate.swift in Sources */,
				04FA218825AFF2C900402B38 /* SceneDelegate.swift in Sources */,
				0455FAF325B51AE100DEC598 /* SecondPage.swift in Sources */,
				04FA21D625AFF2DF00402B38 /* ConstraintMakerEditable.swift in Sources */,
				0489720925B80B090090BE00 /* CircleLayout.swift in Sources */,
				04FA21E025AFF2DF00402B38 /* ConstraintLayoutGuide+Extensions.swift in Sources */,
				04FA21C625AFF2DF00402B38 /* ConstraintPriorityTarget.swift in Sources */,
				04FA21D425AFF2DF00402B38 /* ConstraintConstantTarget.swift in Sources */,
				04FA21C925AFF2DF00402B38 /* ConstraintDSL.swift in Sources */,
				04FA21CB25AFF2DF00402B38 /* ConstraintPriority.swift in Sources */,
				04FA21D025AFF2DF00402B38 /* ConstraintView.swift in Sources */,
				040B166025B18C5500F01948 /* Common.swift in Sources */,
				04FA21C225AFF2DF00402B38 /* ConstraintDescription.swift in Sources */,
				04FA21CF25AFF2DF00402B38 /* UILayoutSupport+Extensions.swift in Sources */,
				04FA21E225AFF2DF00402B38 /* ConstraintLayoutSupportDSL.swift in Sources */,
				04FA21C825AFF2DF00402B38 /* ConstraintMakerFinalizable.swift in Sources */,
				04FA21D225AFF2DF00402B38 /* ConstraintLayoutSupport.swift in Sources */,
				04FA21E625AFF30100402B38 /* LoginView.swift in Sources */,
				04FA21C525AFF2DF00402B38 /* ConstraintViewDSL.swift in Sources */,
			);
			runOnlyForDeploymentPostprocessing = 0;
		};
/* End PBXSourcesBuildPhase section */

/* Begin PBXVariantGroup section */
		04FA218B25AFF2C900402B38 /* Main.storyboard */ = {
			isa = PBXVariantGroup;
			children = (
				04FA218C25AFF2C900402B38 /* Base */,
			);
			name = Main.storyboard;
			sourceTree = "<group>";
		};
		04FA219025AFF2CA00402B38 /* LaunchScreen.storyboard */ = {
			isa = PBXVariantGroup;
			children = (
				04FA219125AFF2CA00402B38 /* Base */,
			);
			name = LaunchScreen.storyboard;
			sourceTree = "<group>";
		};
/* End PBXVariantGroup section */

/* Begin XCBuildConfiguration section */
		04FA219425AFF2CA00402B38 /* Debug */ = {
			isa = XCBuildConfiguration;
			buildSettings = {
				ALWAYS_SEARCH_USER_PATHS = NO;
				CLANG_ANALYZER_NONNULL = YES;
				CLANG_ANALYZER_NUMBER_OBJECT_CONVERSION = YES_AGGRESSIVE;
				CLANG_CXX_LANGUAGE_STANDARD = "gnu++14";
				CLANG_CXX_LIBRARY = "libc++";
				CLANG_ENABLE_MODULES = YES;
				CLANG_ENABLE_OBJC_ARC = YES;
				CLANG_ENABLE_OBJC_WEAK = YES;
				CLANG_WARN_BLOCK_CAPTURE_AUTORELEASING = YES;
				CLANG_WARN_BOOL_CONVERSION = YES;
				CLANG_WARN_COMMA = YES;
				CLANG_WARN_CONSTANT_CONVERSION = YES;
				CLANG_WARN_DEPRECATED_OBJC_IMPLEMENTATIONS = YES;
				CLANG_WARN_DIRECT_OBJC_ISA_USAGE = YES_ERROR;
				CLANG_WARN_DOCUMENTATION_COMMENTS = YES;
				CLANG_WARN_EMPTY_BODY = YES;
				CLANG_WARN_ENUM_CONVERSION = YES;
				CLANG_WARN_INFINITE_RECURSION = YES;
				CLANG_WARN_INT_CONVERSION = YES;
				CLANG_WARN_NON_LITERAL_NULL_CONVERSION = YES;
				CLANG_WARN_OBJC_IMPLICIT_RETAIN_SELF = YES;
				CLANG_WARN_OBJC_LITERAL_CONVERSION = YES;
				CLANG_WARN_OBJC_ROOT_CLASS = YES_ERROR;
				CLANG_WARN_QUOTED_INCLUDE_IN_FRAMEWORK_HEADER = YES;
				CLANG_WARN_RANGE_LOOP_ANALYSIS = YES;
				CLANG_WARN_STRICT_PROTOTYPES = YES;
				CLANG_WARN_SUSPICIOUS_MOVE = YES;
				CLANG_WARN_UNGUARDED_AVAILABILITY = YES_AGGRESSIVE;
				CLANG_WARN_UNREACHABLE_CODE = YES;
				CLANG_WARN__DUPLICATE_METHOD_MATCH = YES;
				COPY_PHASE_STRIP = NO;
				DEBUG_INFORMATION_FORMAT = dwarf;
				ENABLE_STRICT_OBJC_MSGSEND = YES;
				ENABLE_TESTABILITY = YES;
				GCC_C_LANGUAGE_STANDARD = gnu11;
				GCC_DYNAMIC_NO_PIC = NO;
				GCC_NO_COMMON_BLOCKS = YES;
				GCC_OPTIMIZATION_LEVEL = 0;
				GCC_PREPROCESSOR_DEFINITIONS = (
					"DEBUG=1",
					"$(inherited)",
				);
				GCC_WARN_64_TO_32_BIT_CONVERSION = YES;
				GCC_WARN_ABOUT_RETURN_TYPE = YES_ERROR;
				GCC_WARN_UNDECLARED_SELECTOR = YES;
				GCC_WARN_UNINITIALIZED_AUTOS = YES_AGGRESSIVE;
				GCC_WARN_UNUSED_FUNCTION = YES;
				GCC_WARN_UNUSED_VARIABLE = YES;
				IPHONEOS_DEPLOYMENT_TARGET = 14.3;
				MTL_ENABLE_DEBUG_INFO = INCLUDE_SOURCE;
				MTL_FAST_MATH = YES;
				ONLY_ACTIVE_ARCH = YES;
				SDKROOT = iphoneos;
				SWIFT_ACTIVE_COMPILATION_CONDITIONS = DEBUG;
				SWIFT_OPTIMIZATION_LEVEL = "-Onone";
			};
			name = Debug;
		};
		04FA219525AFF2CA00402B38 /* Release */ = {
			isa = XCBuildConfiguration;
			buildSettings = {
				ALWAYS_SEARCH_USER_PATHS = NO;
				CLANG_ANALYZER_NONNULL = YES;
				CLANG_ANALYZER_NUMBER_OBJECT_CONVERSION = YES_AGGRESSIVE;
				CLANG_CXX_LANGUAGE_STANDARD = "gnu++14";
				CLANG_CXX_LIBRARY = "libc++";
				CLANG_ENABLE_MODULES = YES;
				CLANG_ENABLE_OBJC_ARC = YES;
				CLANG_ENABLE_OBJC_WEAK = YES;
				CLANG_WARN_BLOCK_CAPTURE_AUTORELEASING = YES;
				CLANG_WARN_BOOL_CONVERSION = YES;
				CLANG_WARN_COMMA = YES;
				CLANG_WARN_CONSTANT_CONVERSION = YES;
				CLANG_WARN_DEPRECATED_OBJC_IMPLEMENTATIONS = YES;
				CLANG_WARN_DIRECT_OBJC_ISA_USAGE = YES_ERROR;
				CLANG_WARN_DOCUMENTATION_COMMENTS = YES;
				CLANG_WARN_EMPTY_BODY = YES;
				CLANG_WARN_ENUM_CONVERSION = YES;
				CLANG_WARN_INFINITE_RECURSION = YES;
				CLANG_WARN_INT_CONVERSION = YES;
				CLANG_WARN_NON_LITERAL_NULL_CONVERSION = YES;
				CLANG_WARN_OBJC_IMPLICIT_RETAIN_SELF = YES;
				CLANG_WARN_OBJC_LITERAL_CONVERSION = YES;
				CLANG_WARN_OBJC_ROOT_CLASS = YES_ERROR;
				CLANG_WARN_QUOTED_INCLUDE_IN_FRAMEWORK_HEADER = YES;
				CLANG_WARN_RANGE_LOOP_ANALYSIS = YES;
				CLANG_WARN_STRICT_PROTOTYPES = YES;
				CLANG_WARN_SUSPICIOUS_MOVE = YES;
				CLANG_WARN_UNGUARDED_AVAILABILITY = YES_AGGRESSIVE;
				CLANG_WARN_UNREACHABLE_CODE = YES;
				CLANG_WARN__DUPLICATE_METHOD_MATCH = YES;
				COPY_PHASE_STRIP = NO;
				DEBUG_INFORMATION_FORMAT = "dwarf-with-dsym";
				ENABLE_NS_ASSERTIONS = NO;
				ENABLE_STRICT_OBJC_MSGSEND = YES;
				GCC_C_LANGUAGE_STANDARD = gnu11;
				GCC_NO_COMMON_BLOCKS = YES;
				GCC_WARN_64_TO_32_BIT_CONVERSION = YES;
				GCC_WARN_ABOUT_RETURN_TYPE = YES_ERROR;
				GCC_WARN_UNDECLARED_SELECTOR = YES;
				GCC_WARN_UNINITIALIZED_AUTOS = YES_AGGRESSIVE;
				GCC_WARN_UNUSED_FUNCTION = YES;
				GCC_WARN_UNUSED_VARIABLE = YES;
				IPHONEOS_DEPLOYMENT_TARGET = 14.3;
				MTL_ENABLE_DEBUG_INFO = NO;
				MTL_FAST_MATH = YES;
				SDKROOT = iphoneos;
				SWIFT_COMPILATION_MODE = wholemodule;
				SWIFT_OPTIMIZATION_LEVEL = "-O";
				VALIDATE_PRODUCT = YES;
			};
			name = Release;
		};
		04FA219725AFF2CA00402B38 /* Debug */ = {
			isa = XCBuildConfiguration;
			buildSettings = {
				ASSETCATALOG_COMPILER_APPICON_NAME = AppIcon;
				ASSETCATALOG_COMPILER_GLOBAL_ACCENT_COLOR_NAME = AccentColor;
				CODE_SIGN_STYLE = Automatic;
				INFOPLIST_FILE = "snapkit-study/Info.plist";
				LD_RUNPATH_SEARCH_PATHS = (
					"$(inherited)",
					"@executable_path/Frameworks",
				);
				PRODUCT_BUNDLE_IDENTIFIER = "YY.snapkit-study";
				PRODUCT_NAME = "$(TARGET_NAME)";
				SWIFT_VERSION = 5.0;
				TARGETED_DEVICE_FAMILY = "1,2";
			};
			name = Debug;
		};
		04FA219825AFF2CA00402B38 /* Release */ = {
			isa = XCBuildConfiguration;
			buildSettings = {
				ASSETCATALOG_COMPILER_APPICON_NAME = AppIcon;
				ASSETCATALOG_COMPILER_GLOBAL_ACCENT_COLOR_NAME = AccentColor;
				CODE_SIGN_STYLE = Automatic;
				INFOPLIST_FILE = "snapkit-study/Info.plist";
				LD_RUNPATH_SEARCH_PATHS = (
					"$(inherited)",
					"@executable_path/Frameworks",
				);
				PRODUCT_BUNDLE_IDENTIFIER = "YY.snapkit-study";
				PRODUCT_NAME = "$(TARGET_NAME)";
				SWIFT_VERSION = 5.0;
				TARGETED_DEVICE_FAMILY = "1,2";
			};
			name = Release;
		};
/* End XCBuildConfiguration section */

/* Begin XCConfigurationList section */
		04FA217D25AFF2C900402B38 /* Build configuration list for PBXProject "snapkit-study" */ = {
			isa = XCConfigurationList;
			buildConfigurations = (
				04FA219425AFF2CA00402B38 /* Debug */,
				04FA219525AFF2CA00402B38 /* Release */,
			);
			defaultConfigurationIsVisible = 0;
			defaultConfigurationName = Release;
		};
		04FA219625AFF2CA00402B38 /* Build configuration list for PBXNativeTarget "snapkit-study" */ = {
			isa = XCConfigurationList;
			buildConfigurations = (
				04FA219725AFF2CA00402B38 /* Debug */,
				04FA219825AFF2CA00402B38 /* Release */,
			);
			defaultConfigurationIsVisible = 0;
			defaultConfigurationName = Release;
		};
/* End XCConfigurationList section */
	};
	rootObject = 04FA217A25AFF2C900402B38 /* Project object */;
}
